
Microsoft Visual Studio Solution File, Format Version 12.00
# Visual Studio Version 16
VisualStudioVersion = 16.0.29613.14
MinimumVisualStudioVersion = 10.0.40219.1
Project("{FAE04EC0-301F-11D3-BF4B-00C04F79EFBC}") = "WebAppDemo", "WebAppDemo.csproj", "{182A9F8C-E360-4FED-97EC-B4B949B009AF}"
EndProject
Global
	GlobalSection(SolutionConfigurationPlatforms) = preSolution
		Debug|Any CPU = Debug|Any CPU
		Release|Any CPU = Release|Any CPU
	EndGlobalSection
	GlobalSection(ProjectConfigurationPlatforms) = postSolution
		{182A9F8C-E360-4FED-97EC-B4B949B009AF}.Debug|Any CPU.ActiveCfg = Debug|Any CPU
		{182A9F8C-E360-4FED-97EC-B4B949B009AF}.Debug|Any CPU.Build.0 = Debug|Any CPU
		{182A9F8C-E360-4FED-97EC-B4B949B009AF}.Release|Any CPU.ActiveCfg = Release|Any CPU
		{182A9F8C-E360-4FED-97EC-B4B949B009AF}.Release|Any CPU.Build.0 = Release|Any CPU
	EndGlobalSection
	GlobalSection(SolutionProperties) = preSolution
		HideSolutionNode = FALSE
	EndGlobalSection
	GlobalSection(ExtensibilityGlobals) = postSolution
		SolutionGuid = {55E461ED-A863-4F4D-886A-AAB87E9769FC}
	EndGlobalSection
EndGlobal
