
Microsoft Visual Studio Solution File, Format Version 12.00
# Visual Studio Version 16
VisualStudioVersion = 16.0.29613.14
MinimumVisualStudioVersion = 10.0.40219.1
Project("{FAE04EC0-301F-11D3-BF4B-00C04F79EFBC}") = "OopsDemo", "OopsDemo.csproj", "{6E073E78-328C-47E8-8D2A-A4BF9973979C}"
EndProject
Global
	GlobalSection(SolutionConfigurationPlatforms) = preSolution
		Debug|Any CPU = Debug|Any CPU
		Release|Any CPU = Release|Any CPU
	EndGlobalSection
	GlobalSection(ProjectConfigurationPlatforms) = postSolution
		{6E073E78-328C-47E8-8D2A-A4BF9973979C}.Debug|Any CPU.ActiveCfg = Debug|Any CPU
		{6E073E78-328C-47E8-8D2A-A4BF9973979C}.Debug|Any CPU.Build.0 = Debug|Any CPU
		{6E073E78-328C-47E8-8D2A-A4BF9973979C}.Release|Any CPU.ActiveCfg = Release|Any CPU
		{6E073E78-328C-47E8-8D2A-A4BF9973979C}.Release|Any CPU.Build.0 = Release|Any CPU
	EndGlobalSection
	GlobalSection(SolutionProperties) = preSolution
		HideSolutionNode = FALSE
	EndGlobalSection
	GlobalSection(ExtensibilityGlobals) = postSolution
		SolutionGuid = {83EE40C6-DFDC-498A-B3D7-D87D37B72299}
	EndGlobalSection
EndGlobal
