
Microsoft Visual Studio Solution File, Format Version 12.00
# Visual Studio Version 16
VisualStudioVersion = 16.0.29613.14
MinimumVisualStudioVersion = 10.0.40219.1
Project("{FAE04EC0-301F-11D3-BF4B-00C04F79EFBC}") = "ASPcoreDemo", "ASPcoreDemo.csproj", "{A8C01FC6-E374-481C-AE86-7B7D5EEA4271}"
EndProject
Global
	GlobalSection(SolutionConfigurationPlatforms) = preSolution
		Debug|Any CPU = Debug|Any CPU
		Release|Any CPU = Release|Any CPU
	EndGlobalSection
	GlobalSection(ProjectConfigurationPlatforms) = postSolution
		{A8C01FC6-E374-481C-AE86-7B7D5EEA4271}.Debug|Any CPU.ActiveCfg = Debug|Any CPU
		{A8C01FC6-E374-481C-AE86-7B7D5EEA4271}.Debug|Any CPU.Build.0 = Debug|Any CPU
		{A8C01FC6-E374-481C-AE86-7B7D5EEA4271}.Release|Any CPU.ActiveCfg = Release|Any CPU
		{A8C01FC6-E374-481C-AE86-7B7D5EEA4271}.Release|Any CPU.Build.0 = Release|Any CPU
	EndGlobalSection
	GlobalSection(SolutionProperties) = preSolution
		HideSolutionNode = FALSE
	EndGlobalSection
	GlobalSection(ExtensibilityGlobals) = postSolution
		SolutionGuid = {045CFF0C-A405-41D5-A9B5-47DFBA0AC1A6}
	EndGlobalSection
EndGlobal
