
Microsoft Visual Studio Solution File, Format Version 12.00
# Visual Studio Version 16
VisualStudioVersion = 16.0.29613.14
MinimumVisualStudioVersion = 10.0.40219.1
Project("{FAE04EC0-301F-11D3-BF4B-00C04F79EFBC}") = "CustomerMVC", "CustomerMVC.csproj", "{44942926-F759-41E0-8719-97D9422A4A7D}"
EndProject
Global
	GlobalSection(SolutionConfigurationPlatforms) = preSolution
		Debug|Any CPU = Debug|Any CPU
		Release|Any CPU = Release|Any CPU
	EndGlobalSection
	GlobalSection(ProjectConfigurationPlatforms) = postSolution
		{44942926-F759-41E0-8719-97D9422A4A7D}.Debug|Any CPU.ActiveCfg = Debug|Any CPU
		{44942926-F759-41E0-8719-97D9422A4A7D}.Debug|Any CPU.Build.0 = Debug|Any CPU
		{44942926-F759-41E0-8719-97D9422A4A7D}.Release|Any CPU.ActiveCfg = Release|Any CPU
		{44942926-F759-41E0-8719-97D9422A4A7D}.Release|Any CPU.Build.0 = Release|Any CPU
	EndGlobalSection
	GlobalSection(SolutionProperties) = preSolution
		HideSolutionNode = FALSE
	EndGlobalSection
	GlobalSection(ExtensibilityGlobals) = postSolution
		SolutionGuid = {9DA3D78A-8D3B-4324-BF4B-3010AFDC3FE0}
	EndGlobalSection
EndGlobal
