
Microsoft Visual Studio Solution File, Format Version 12.00
# Visual Studio Version 16
VisualStudioVersion = 16.0.29613.14
MinimumVisualStudioVersion = 10.0.40219.1
Project("{FAE04EC0-301F-11D3-BF4B-00C04F79EFBC}") = "HandsOnMVCModelValidations", "HandsOnMVCModelValidations.csproj", "{1DAE08A8-B9E5-4754-BF03-79F60E219998}"
EndProject
Global
	GlobalSection(SolutionConfigurationPlatforms) = preSolution
		Debug|Any CPU = Debug|Any CPU
		Release|Any CPU = Release|Any CPU
	EndGlobalSection
	GlobalSection(ProjectConfigurationPlatforms) = postSolution
		{1DAE08A8-B9E5-4754-BF03-79F60E219998}.Debug|Any CPU.ActiveCfg = Debug|Any CPU
		{1DAE08A8-B9E5-4754-BF03-79F60E219998}.Debug|Any CPU.Build.0 = Debug|Any CPU
		{1DAE08A8-B9E5-4754-BF03-79F60E219998}.Release|Any CPU.ActiveCfg = Release|Any CPU
		{1DAE08A8-B9E5-4754-BF03-79F60E219998}.Release|Any CPU.Build.0 = Release|Any CPU
	EndGlobalSection
	GlobalSection(SolutionProperties) = preSolution
		HideSolutionNode = FALSE
	EndGlobalSection
	GlobalSection(ExtensibilityGlobals) = postSolution
		SolutionGuid = {C5EE3632-BA3A-4629-8540-AE5A42A013D0}
	EndGlobalSection
EndGlobal
