
Microsoft Visual Studio Solution File, Format Version 12.00
# Visual Studio Version 16
VisualStudioVersion = 16.0.29613.14
MinimumVisualStudioVersion = 10.0.40219.1
Project("{FAE04EC0-301F-11D3-BF4B-00C04F79EFBC}") = "RegistrationAssignmentCore", "RegistrationAssignmentCore.csproj", "{D831693F-C294-4A85-B633-18D5EE73295F}"
EndProject
Global
	GlobalSection(SolutionConfigurationPlatforms) = preSolution
		Debug|Any CPU = Debug|Any CPU
		Release|Any CPU = Release|Any CPU
	EndGlobalSection
	GlobalSection(ProjectConfigurationPlatforms) = postSolution
		{D831693F-C294-4A85-B633-18D5EE73295F}.Debug|Any CPU.ActiveCfg = Debug|Any CPU
		{D831693F-C294-4A85-B633-18D5EE73295F}.Debug|Any CPU.Build.0 = Debug|Any CPU
		{D831693F-C294-4A85-B633-18D5EE73295F}.Release|Any CPU.ActiveCfg = Release|Any CPU
		{D831693F-C294-4A85-B633-18D5EE73295F}.Release|Any CPU.Build.0 = Release|Any CPU
	EndGlobalSection
	GlobalSection(SolutionProperties) = preSolution
		HideSolutionNode = FALSE
	EndGlobalSection
	GlobalSection(ExtensibilityGlobals) = postSolution
		SolutionGuid = {AED3FC78-8488-45CA-91EC-4A63FC388AA4}
	EndGlobalSection
EndGlobal
