
Microsoft Visual Studio Solution File, Format Version 12.00
# Visual Studio Version 16
VisualStudioVersion = 16.0.29613.14
MinimumVisualStudioVersion = 10.0.40219.1
Project("{FAE04EC0-301F-11D3-BF4B-00C04F79EFBC}") = "CookiesDemo", "CookiesDemo.csproj", "{55617083-0BC3-405F-B606-F133A8C5159C}"
EndProject
Global
	GlobalSection(SolutionConfigurationPlatforms) = preSolution
		Debug|Any CPU = Debug|Any CPU
		Release|Any CPU = Release|Any CPU
	EndGlobalSection
	GlobalSection(ProjectConfigurationPlatforms) = postSolution
		{55617083-0BC3-405F-B606-F133A8C5159C}.Debug|Any CPU.ActiveCfg = Debug|Any CPU
		{55617083-0BC3-405F-B606-F133A8C5159C}.Debug|Any CPU.Build.0 = Debug|Any CPU
		{55617083-0BC3-405F-B606-F133A8C5159C}.Release|Any CPU.ActiveCfg = Release|Any CPU
		{55617083-0BC3-405F-B606-F133A8C5159C}.Release|Any CPU.Build.0 = Release|Any CPU
	EndGlobalSection
	GlobalSection(SolutionProperties) = preSolution
		HideSolutionNode = FALSE
	EndGlobalSection
	GlobalSection(ExtensibilityGlobals) = postSolution
		SolutionGuid = {56F4CD59-3177-4349-9392-24C5986682C5}
	EndGlobalSection
EndGlobal
