
Microsoft Visual Studio Solution File, Format Version 12.00
# Visual Studio Version 16
VisualStudioVersion = 16.0.29613.14
MinimumVisualStudioVersion = 10.0.40219.1
Project("{FAE04EC0-301F-11D3-BF4B-00C04F79EFBC}") = "DynamicPoliAssi", "DynamicPoliAssi.csproj", "{5B0153F7-BD06-4A16-AEF8-F24E897F6AB6}"
EndProject
Global
	GlobalSection(SolutionConfigurationPlatforms) = preSolution
		Debug|Any CPU = Debug|Any CPU
		Release|Any CPU = Release|Any CPU
	EndGlobalSection
	GlobalSection(ProjectConfigurationPlatforms) = postSolution
		{5B0153F7-BD06-4A16-AEF8-F24E897F6AB6}.Debug|Any CPU.ActiveCfg = Debug|Any CPU
		{5B0153F7-BD06-4A16-AEF8-F24E897F6AB6}.Debug|Any CPU.Build.0 = Debug|Any CPU
		{5B0153F7-BD06-4A16-AEF8-F24E897F6AB6}.Release|Any CPU.ActiveCfg = Release|Any CPU
		{5B0153F7-BD06-4A16-AEF8-F24E897F6AB6}.Release|Any CPU.Build.0 = Release|Any CPU
	EndGlobalSection
	GlobalSection(SolutionProperties) = preSolution
		HideSolutionNode = FALSE
	EndGlobalSection
	GlobalSection(ExtensibilityGlobals) = postSolution
		SolutionGuid = {85BABF0B-F40E-479A-8BEB-B3A001BC9AD4}
	EndGlobalSection
EndGlobal
