
Microsoft Visual Studio Solution File, Format Version 12.00
# Visual Studio Version 16
VisualStudioVersion = 16.0.29613.14
MinimumVisualStudioVersion = 10.0.40219.1
Project("{FAE04EC0-301F-11D3-BF4B-00C04F79EFBC}") = "AspMVC", "AspMVC.csproj", "{AE2BC838-C037-40D3-AB2A-2B760F3536A5}"
EndProject
Global
	GlobalSection(SolutionConfigurationPlatforms) = preSolution
		Debug|Any CPU = Debug|Any CPU
		Release|Any CPU = Release|Any CPU
	EndGlobalSection
	GlobalSection(ProjectConfigurationPlatforms) = postSolution
		{AE2BC838-C037-40D3-AB2A-2B760F3536A5}.Debug|Any CPU.ActiveCfg = Debug|Any CPU
		{AE2BC838-C037-40D3-AB2A-2B760F3536A5}.Debug|Any CPU.Build.0 = Debug|Any CPU
		{AE2BC838-C037-40D3-AB2A-2B760F3536A5}.Release|Any CPU.ActiveCfg = Release|Any CPU
		{AE2BC838-C037-40D3-AB2A-2B760F3536A5}.Release|Any CPU.Build.0 = Release|Any CPU
	EndGlobalSection
	GlobalSection(SolutionProperties) = preSolution
		HideSolutionNode = FALSE
	EndGlobalSection
	GlobalSection(ExtensibilityGlobals) = postSolution
		SolutionGuid = {D39035AA-D17B-4F49-9EFD-F734ED9B0C95}
	EndGlobalSection
EndGlobal
