
Microsoft Visual Studio Solution File, Format Version 12.00
# Visual Studio Version 16
VisualStudioVersion = 16.0.29613.14
MinimumVisualStudioVersion = 10.0.40219.1
Project("{FAE04EC0-301F-11D3-BF4B-00C04F79EFBC}") = "JaggedAssignment1", "JaggedAssignment1.csproj", "{29981082-7D0B-473C-B218-BA91CB677353}"
EndProject
Global
	GlobalSection(SolutionConfigurationPlatforms) = preSolution
		Debug|Any CPU = Debug|Any CPU
		Release|Any CPU = Release|Any CPU
	EndGlobalSection
	GlobalSection(ProjectConfigurationPlatforms) = postSolution
		{29981082-7D0B-473C-B218-BA91CB677353}.Debug|Any CPU.ActiveCfg = Debug|Any CPU
		{29981082-7D0B-473C-B218-BA91CB677353}.Debug|Any CPU.Build.0 = Debug|Any CPU
		{29981082-7D0B-473C-B218-BA91CB677353}.Release|Any CPU.ActiveCfg = Release|Any CPU
		{29981082-7D0B-473C-B218-BA91CB677353}.Release|Any CPU.Build.0 = Release|Any CPU
	EndGlobalSection
	GlobalSection(SolutionProperties) = preSolution
		HideSolutionNode = FALSE
	EndGlobalSection
	GlobalSection(ExtensibilityGlobals) = postSolution
		SolutionGuid = {AC546154-BE72-43A4-A46C-56599AD37E2B}
	EndGlobalSection
EndGlobal
